
Microsoft Visual Studio Solution File, Format Version 12.00
# Visual Studio Version 16
VisualStudioVersion = 16.0.30011.22
MinimumVisualStudioVersion = 10.0.40219.1
Project("{FAE04EC0-301F-11D3-BF4B-00C04F79EFBC}") = "Server", "Server\Server.csproj", "{E0C5DC3B-C3B2-4968-B765-F48A4B35C3BF}"
EndProject
Project("{FAE04EC0-301F-11D3-BF4B-00C04F79EFBC}") = "Tests", "Tests\Tests.csproj", "{14AF71EC-3030-43FD-9282-0FB4A535E1EF}"
EndProject
Global
	GlobalSection(SolutionConfigurationPlatforms) = preSolution
		Debug|Any CPU = Debug|Any CPU
		Release|Any CPU = Release|Any CPU
	EndGlobalSection
	GlobalSection(ProjectConfigurationPlatforms) = postSolution
		{E0C5DC3B-C3B2-4968-B765-F48A4B35C3BF}.Debug|Any CPU.ActiveCfg = Debug|Any CPU
		{E0C5DC3B-C3B2-4968-B765-F48A4B35C3BF}.Debug|Any CPU.Build.0 = Debug|Any CPU
		{E0C5DC3B-C3B2-4968-B765-F48A4B35C3BF}.Release|Any CPU.ActiveCfg = Release|Any CPU
		{E0C5DC3B-C3B2-4968-B765-F48A4B35C3BF}.Release|Any CPU.Build.0 = Release|Any CPU
		{14AF71EC-3030-43FD-9282-0FB4A535E1EF}.Debug|Any CPU.ActiveCfg = Debug|Any CPU
		{14AF71EC-3030-43FD-9282-0FB4A535E1EF}.Debug|Any CPU.Build.0 = Debug|Any CPU
		{14AF71EC-3030-43FD-9282-0FB4A535E1EF}.Release|Any CPU.ActiveCfg = Release|Any CPU
		{14AF71EC-3030-43FD-9282-0FB4A535E1EF}.Release|Any CPU.Build.0 = Release|Any CPU
	EndGlobalSection
	GlobalSection(SolutionProperties) = preSolution
		HideSolutionNode = FALSE
	EndGlobalSection
	GlobalSection(ExtensibilityGlobals) = postSolution
		SolutionGuid = {DFF221BF-07F9-43F2-B3AD-9C2545B1E75E}
	EndGlobalSection
EndGlobal
